
Microsoft Visual Studio Solution File, Format Version 12.00
# Visual Studio 2013
VisualStudioVersion = 12.0.31101.0
MinimumVisualStudioVersion = 10.0.40219.1
Project("{FAE04EC0-301F-11D3-BF4B-00C04F79EFBC}") = "MyWeb", "MyWeb\MyWeb.csproj", "{84D6B6EC-C364-4F91-B939-C306F09EED99}"
EndProject
Project("{FAE04EC0-301F-11D3-BF4B-00C04F79EFBC}") = "MyWebEntityLibrary", "MyWebEntityLibrary\MyWebEntityLibrary.csproj", "{297ACBC9-D425-4CC5-B675-66B18264F582}"
EndProject
Global
	GlobalSection(SolutionConfigurationPlatforms) = preSolution
		Debug|Any CPU = Debug|Any CPU
		Release|Any CPU = Release|Any CPU
	EndGlobalSection
	GlobalSection(ProjectConfigurationPlatforms) = postSolution
		{84D6B6EC-C364-4F91-B939-C306F09EED99}.Debug|Any CPU.ActiveCfg = Debug|Any CPU
		{84D6B6EC-C364-4F91-B939-C306F09EED99}.Debug|Any CPU.Build.0 = Debug|Any CPU
		{84D6B6EC-C364-4F91-B939-C306F09EED99}.Release|Any CPU.ActiveCfg = Release|Any CPU
		{84D6B6EC-C364-4F91-B939-C306F09EED99}.Release|Any CPU.Build.0 = Release|Any CPU
		{297ACBC9-D425-4CC5-B675-66B18264F582}.Debug|Any CPU.ActiveCfg = Debug|Any CPU
		{297ACBC9-D425-4CC5-B675-66B18264F582}.Debug|Any CPU.Build.0 = Debug|Any CPU
		{297ACBC9-D425-4CC5-B675-66B18264F582}.Release|Any CPU.ActiveCfg = Release|Any CPU
		{297ACBC9-D425-4CC5-B675-66B18264F582}.Release|Any CPU.Build.0 = Release|Any CPU
	EndGlobalSection
	GlobalSection(SolutionProperties) = preSolution
		HideSolutionNode = FALSE
	EndGlobalSection
EndGlobal
